// !$*UTF8*$!
{
	archiveVersion = 1;
	classes = {
	};
	objectVersion = 56;
	objects = {

/* Begin PBXBuildFile section */
		07B828DB2CA4F62B00F6800F /* ImageManager.swift in Sources */ = {isa = PBXBuildFile; fileRef = 07B828DA2CA4F62B00F6800F /* ImageManager.swift */; };
		07B828DD2CA4F68400F6800F /* SaveShareView.swift in Sources */ = {isa = PBXBuildFile; fileRef = 07B828DC2CA4F68400F6800F /* SaveShareView.swift */; };
		07FEECE42B7DBE2F005CFD6C /* pruebasApp.swift in Sources */ = {isa = PBXBuildFile; fileRef = 07FEECE32B7DBE2F005CFD6C /* pruebasApp.swift */; };
		07FEECE62B7DBE2F005CFD6C /* ContentView.swift in Sources */ = {isa = PBXBuildFile; fileRef = 07FEECE52B7DBE2F005CFD6C /* ContentView.swift */; };
		07FEECE82B7DBE30005CFD6C /* Assets.xcassets in Resources */ = {isa = PBXBuildFile; fileRef = 07FEECE72B7DBE30005CFD6C /* Assets.xcassets */; };
		07FEECEB2B7DBE30005CFD6C /* Preview Assets.xcassets in Resources */ = {isa = PBXBuildFile; fileRef = 07FEECEA2B7DBE30005CFD6C /* Preview Assets.xcassets */; };
/* End PBXBuildFile section */

/* Begin PBXContainerItemProxy section */
		07FEECF12B7DBE30005CFD6C /* PBXContainerItemProxy */ = {
			isa = PBXContainerItemProxy;
			containerPortal = 07FEECD82B7DBE2F005CFD6C /* Project object */;
			proxyType = 1;
			remoteGlobalIDString = 07FEECDF2B7DBE2F005CFD6C;
			remoteInfo = pruebas;
		};
		07FEECFB2B7DBE30005CFD6C /* PBXContainerItemProxy */ = {
			isa = PBXContainerItemProxy;
			containerPortal = 07FEECD82B7DBE2F005CFD6C /* Project object */;
			proxyType = 1;
			remoteGlobalIDString = 07FEECDF2B7DBE2F005CFD6C;
			remoteInfo = pruebas;
		};
/* End PBXContainerItemProxy section */

/* Begin PBXFileReference section */
		07B828DA2CA4F62B00F6800F /* ImageManager.swift */ = {isa = PBXFileReference; lastKnownFileType = sourcecode.swift; path = ImageManager.swift; sourceTree = "<group>"; };
		07B828DC2CA4F68400F6800F /* SaveShareView.swift */ = {isa = PBXFileReference; lastKnownFileType = sourcecode.swift; path = SaveShareView.swift; sourceTree = "<group>"; };
		07FEECE02B7DBE2F005CFD6C /* pruebas.app */ = {isa = PBXFileReference; explicitFileType = wrapper.application; includeInIndex = 0; path = pruebas.app; sourceTree = BUILT_PRODUCTS_DIR; };
		07FEECE32B7DBE2F005CFD6C /* pruebasApp.swift */ = {isa = PBXFileReference; lastKnownFileType = sourcecode.swift; path = pruebasApp.swift; sourceTree = "<group>"; };
		07FEECE52B7DBE2F005CFD6C /* ContentView.swift */ = {isa = PBXFileReference; lastKnownFileType = sourcecode.swift; path = ContentView.swift; sourceTree = "<group>"; };
		07FEECE72B7DBE30005CFD6C /* Assets.xcassets */ = {isa = PBXFileReference; lastKnownFileType = folder.assetcatalog; path = Assets.xcassets; sourceTree = "<group>"; };
		07FEECEA2B7DBE30005CFD6C /* Preview Assets.xcassets */ = {isa = PBXFileReference; lastKnownFileType = folder.assetcatalog; path = "Preview Assets.xcassets"; sourceTree = "<group>"; };
		07FEECF02B7DBE30005CFD6C /* pruebasTests.xctest */ = {isa = PBXFileReference; explicitFileType = wrapper.cfbundle; includeInIndex = 0; path = pruebasTests.xctest; sourceTree = BUILT_PRODUCTS_DIR; };
		07FEECFA2B7DBE30005CFD6C /* pruebasUITests.xctest */ = {isa = PBXFileReference; explicitFileType = wrapper.cfbundle; includeInIndex = 0; path = pruebasUITests.xctest; sourceTree = BUILT_PRODUCTS_DIR; };
/* End PBXFileReference section */

/* Begin PBXFrameworksBuildPhase section */
		07FEECDD2B7DBE2F005CFD6C /* Frameworks */ = {
			isa = PBXFrameworksBuildPhase;
			buildActionMask = 2147483647;
			files = (
			);
			runOnlyForDeploymentPostprocessing = 0;
		};
		07FEECED2B7DBE30005CFD6C /* Frameworks */ = {
			isa = PBXFrameworksBuildPhase;
			buildActionMask = 2147483647;
			files = (
			);
			runOnlyForDeploymentPostprocessing = 0;
		};
		07FEECF72B7DBE30005CFD6C /* Frameworks */ = {
			isa = PBXFrameworksBuildPhase;
			buildActionMask = 2147483647;
			files = (
			);
			runOnlyForDeploymentPostprocessing = 0;
		};
/* End PBXFrameworksBuildPhase section */

/* Begin PBXGroup section */
		07FEECD72B7DBE2F005CFD6C = {
			isa = PBXGroup;
			children = (
				07FEECE22B7DBE2F005CFD6C /* pruebas */,
				07FEECE12B7DBE2F005CFD6C /* Products */,
			);
			sourceTree = "<group>";
		};
		07FEECE12B7DBE2F005CFD6C /* Products */ = {
			isa = PBXGroup;
			children = (
				07FEECE02B7DBE2F005CFD6C /* pruebas.app */,
				07FEECF02B7DBE30005CFD6C /* pruebasTests.xctest */,
				07FEECFA2B7DBE30005CFD6C /* pruebasUITests.xctest */,
			);
			name = Products;
			sourceTree = "<group>";
		};
		07FEECE22B7DBE2F005CFD6C /* pruebas */ = {
			isa = PBXGroup;
			children = (
				07FEECE32B7DBE2F005CFD6C /* pruebasApp.swift */,
				07FEECE52B7DBE2F005CFD6C /* ContentView.swift */,
				07B828DA2CA4F62B00F6800F /* ImageManager.swift */,
				07B828DC2CA4F68400F6800F /* SaveShareView.swift */,
				07FEECE72B7DBE30005CFD6C /* Assets.xcassets */,
				07FEECE92B7DBE30005CFD6C /* Preview Content */,
			);
			path = pruebas;
			sourceTree = "<group>";
		};
		07FEECE92B7DBE30005CFD6C /* Preview Content */ = {
			isa = PBXGroup;
			children = (
				07FEECEA2B7DBE30005CFD6C /* Preview Assets.xcassets */,
			);
			path = "Preview Content";
			sourceTree = "<group>";
		};
/* End PBXGroup section */

/* Begin PBXNativeTarget section */
		07FEECDF2B7DBE2F005CFD6C /* pruebas */ = {
			isa = PBXNativeTarget;
			buildConfigurationList = 07FEED042B7DBE30005CFD6C /* Build configuration list for PBXNativeTarget "pruebas" */;
			buildPhases = (
				07FEECDC2B7DBE2F005CFD6C /* Sources */,
				07FEECDD2B7DBE2F005CFD6C /* Frameworks */,
				07FEECDE2B7DBE2F005CFD6C /* Resources */,
			);
			buildRules = (
			);
			dependencies = (
			);
			name = pruebas;
			productName = pruebas;
			productReference = 07FEECE02B7DBE2F005CFD6C /* pruebas.app */;
			productType = "com.apple.product-type.application";
		};
		07FEECEF2B7DBE30005CFD6C /* pruebasTests */ = {
			isa = PBXNativeTarget;
			buildConfigurationList = 07FEED072B7DBE30005CFD6C /* Build configuration list for PBXNativeTarget "pruebasTests" */;
			buildPhases = (
				07FEECEC2B7DBE30005CFD6C /* Sources */,
				07FEECED2B7DBE30005CFD6C /* Frameworks */,
				07FEECEE2B7DBE30005CFD6C /* Resources */,
			);
			buildRules = (
			);
			dependencies = (
				07FEECF22B7DBE30005CFD6C /* PBXTargetDependency */,
			);
			name = pruebasTests;
			productName = pruebasTests;
			productReference = 07FEECF02B7DBE30005CFD6C /* pruebasTests.xctest */;
			productType = "com.apple.product-type.bundle.unit-test";
		};
		07FEECF92B7DBE30005CFD6C /* pruebasUITests */ = {
			isa = PBXNativeTarget;
			buildConfigurationList = 07FEED0A2B7DBE30005CFD6C /* Build configuration list for PBXNativeTarget "pruebasUITests" */;
			buildPhases = (
				07FEECF62B7DBE30005CFD6C /* Sources */,
				07FEECF72B7DBE30005CFD6C /* Frameworks */,
				07FEECF82B7DBE30005CFD6C /* Resources */,
			);
			buildRules = (
			);
			dependencies = (
				07FEECFC2B7DBE30005CFD6C /* PBXTargetDependency */,
			);
			name = pruebasUITests;
			productName = pruebasUITests;
			productReference = 07FEECFA2B7DBE30005CFD6C /* pruebasUITests.xctest */;
			productType = "com.apple.product-type.bundle.ui-testing";
		};
/* End PBXNativeTarget section */

/* Begin PBXProject section */
		07FEECD82B7DBE2F005CFD6C /* Project object */ = {
			isa = PBXProject;
			attributes = {
				BuildIndependentTargetsInParallel = 1;
				KnownAssetTags = (
					New,
				);
				LastSwiftUpdateCheck = 1520;
				LastUpgradeCheck = 1600;
				TargetAttributes = {
					07FEECDF2B7DBE2F005CFD6C = {
						CreatedOnToolsVersion = 15.2;
					};
					07FEECEF2B7DBE30005CFD6C = {
						CreatedOnToolsVersion = 15.2;
						TestTargetID = 07FEECDF2B7DBE2F005CFD6C;
					};
					07FEECF92B7DBE30005CFD6C = {
						CreatedOnToolsVersion = 15.2;
						TestTargetID = 07FEECDF2B7DBE2F005CFD6C;
					};
				};
			};
			buildConfigurationList = 07FEECDB2B7DBE2F005CFD6C /* Build configuration list for PBXProject "pruebas" */;
			compatibilityVersion = "Xcode 14.0";
			developmentRegion = en;
			hasScannedForEncodings = 0;
			knownRegions = (
				en,
				Base,
			);
			mainGroup = 07FEECD72B7DBE2F005CFD6C;
			productRefGroup = 07FEECE12B7DBE2F005CFD6C /* Products */;
			projectDirPath = "";
			projectRoot = "";
			targets = (
				07FEECDF2B7DBE2F005CFD6C /* pruebas */,
				07FEECEF2B7DBE30005CFD6C /* pruebasTests */,
				07FEECF92B7DBE30005CFD6C /* pruebasUITests */,
			);
		};
/* End PBXProject section */

/* Begin PBXResourcesBuildPhase section */
		07FEECDE2B7DBE2F005CFD6C /* Resources */ = {
			isa = PBXResourcesBuildPhase;
			buildActionMask = 2147483647;
			files = (
				07FEECEB2B7DBE30005CFD6C /* Preview Assets.xcassets in Resources */,
				07FEECE82B7DBE30005CFD6C /* Assets.xcassets in Resources */,
			);
			runOnlyForDeploymentPostprocessing = 0;
		};
		07FEECEE2B7DBE30005CFD6C /* Resources */ = {
			isa = PBXResourcesBuildPhase;
			buildActionMask = 2147483647;
			files = (
			);
			runOnlyForDeploymentPostprocessing = 0;
		};
		07FEECF82B7DBE30005CFD6C /* Resources */ = {
			isa = PBXResourcesBuildPhase;
			buildActionMask = 2147483647;
			files = (
			);
			runOnlyForDeploymentPostprocessing = 0;
		};
/* End PBXResourcesBuildPhase section */

/* Begin PBXSourcesBuildPhase section */
		07FEECDC2B7DBE2F005CFD6C /* Sources */ = {
			isa = PBXSourcesBuildPhase;
			buildActionMask = 2147483647;
			files = (
				07B828DB2CA4F62B00F6800F /* ImageManager.swift in Sources */,
				07FEECE62B7DBE2F005CFD6C /* ContentView.swift in Sources */,
				07FEECE42B7DBE2F005CFD6C /* pruebasApp.swift in Sources */,
				07B828DD2CA4F68400F6800F /* SaveShareView.swift in Sources */,
			);
			runOnlyForDeploymentPostprocessing = 0;
		};
		07FEECEC2B7DBE30005CFD6C /* Sources */ = {
			isa = PBXSourcesBuildPhase;
			buildActionMask = 2147483647;
			files = (
			);
			runOnlyForDeploymentPostprocessing = 0;
		};
		07FEECF62B7DBE30005CFD6C /* Sources */ = {
			isa = PBXSourcesBuildPhase;
			buildActionMask = 2147483647;
			files = (
			);
			runOnlyForDeploymentPostprocessing = 0;
		};
/* End PBXSourcesBuildPhase section */

/* Begin PBXTargetDependency section */
		07FEECF22B7DBE30005CFD6C /* PBXTargetDependency */ = {
			isa = PBXTargetDependency;
			target = 07FEECDF2B7DBE2F005CFD6C /* pruebas */;
			targetProxy = 07FEECF12B7DBE30005CFD6C /* PBXContainerItemProxy */;
		};
		07FEECFC2B7DBE30005CFD6C /* PBXTargetDependency */ = {
			isa = PBXTargetDependency;
			target = 07FEECDF2B7DBE2F005CFD6C /* pruebas */;
			targetProxy = 07FEECFB2B7DBE30005CFD6C /* PBXContainerItemProxy */;
		};
/* End PBXTargetDependency section */

/* Begin XCBuildConfiguration section */
		07FEED022B7DBE30005CFD6C /* Debug */ = {
			isa = XCBuildConfiguration;
			buildSettings = {
				ALWAYS_SEARCH_USER_PATHS = NO;
				ASSETCATALOG_COMPILER_GENERATE_SWIFT_ASSET_SYMBOL_EXTENSIONS = YES;
				CLANG_ANALYZER_NONNULL = YES;
				CLANG_ANALYZER_NUMBER_OBJECT_CONVERSION = YES_AGGRESSIVE;
				CLANG_CXX_LANGUAGE_STANDARD = "gnu++20";
				CLANG_ENABLE_MODULES = YES;
				CLANG_ENABLE_OBJC_ARC = YES;
				CLANG_ENABLE_OBJC_WEAK = YES;
				CLANG_WARN_BLOCK_CAPTURE_AUTORELEASING = YES;
				CLANG_WARN_BOOL_CONVERSION = YES;
				CLANG_WARN_COMMA = YES;
				CLANG_WARN_CONSTANT_CONVERSION = YES;
				CLANG_WARN_DEPRECATED_OBJC_IMPLEMENTATIONS = YES;
				CLANG_WARN_DIRECT_OBJC_ISA_USAGE = YES_ERROR;
				CLANG_WARN_DOCUMENTATION_COMMENTS = YES;
				CLANG_WARN_EMPTY_BODY = YES;
				CLANG_WARN_ENUM_CONVERSION = YES;
				CLANG_WARN_INFINITE_RECURSION = YES;
				CLANG_WARN_INT_CONVERSION = YES;
				CLANG_WARN_NON_LITERAL_NULL_CONVERSION = YES;
				CLANG_WARN_OBJC_IMPLICIT_RETAIN_SELF = YES;
				CLANG_WARN_OBJC_LITERAL_CONVERSION = YES;
				CLANG_WARN_OBJC_ROOT_CLASS = YES_ERROR;
				CLANG_WARN_QUOTED_INCLUDE_IN_FRAMEWORK_HEADER = YES;
				CLANG_WARN_RANGE_LOOP_ANALYSIS = YES;
				CLANG_WARN_STRICT_PROTOTYPES = YES;
				CLANG_WARN_SUSPICIOUS_MOVE = YES;
				CLANG_WARN_UNGUARDED_AVAILABILITY = YES_AGGRESSIVE;
				CLANG_WARN_UNREACHABLE_CODE = YES;
				CLANG_WARN__DUPLICATE_METHOD_MATCH = YES;
				COPY_PHASE_STRIP = NO;
				DEBUG_INFORMATION_FORMAT = dwarf;
				ENABLE_STRICT_OBJC_MSGSEND = YES;
				ENABLE_TESTABILITY = YES;
				ENABLE_USER_SCRIPT_SANDBOXING = YES;
				GCC_C_LANGUAGE_STANDARD = gnu17;
				GCC_DYNAMIC_NO_PIC = NO;
				GCC_NO_COMMON_BLOCKS = YES;
				GCC_OPTIMIZATION_LEVEL = 0;
				GCC_PREPROCESSOR_DEFINITIONS = (
					"DEBUG=1",
					"$(inherited)",
				);
				GCC_WARN_64_TO_32_BIT_CONVERSION = YES;
				GCC_WARN_ABOUT_RETURN_TYPE = YES_ERROR;
				GCC_WARN_UNDECLARED_SELECTOR = YES;
				GCC_WARN_UNINITIALIZED_AUTOS = YES_AGGRESSIVE;
				GCC_WARN_UNUSED_FUNCTION = YES;
				GCC_WARN_UNUSED_VARIABLE = YES;
				IPHONEOS_DEPLOYMENT_TARGET = 17.2;
				LOCALIZATION_PREFERS_STRING_CATALOGS = YES;
				MTL_ENABLE_DEBUG_INFO = INCLUDE_SOURCE;
				MTL_FAST_MATH = YES;
				ONLY_ACTIVE_ARCH = YES;
				SDKROOT = iphoneos;
				SWIFT_ACTIVE_COMPILATION_CONDITIONS = "DEBUG $(inherited)";
				SWIFT_OPTIMIZATION_LEVEL = "-Onone";
			};
			name = Debug;
		};
		07FEED032B7DBE30005CFD6C /* Release */ = {
			isa = XCBuildConfiguration;
			buildSettings = {
				ALWAYS_SEARCH_USER_PATHS = NO;
				ASSETCATALOG_COMPILER_GENERATE_SWIFT_ASSET_SYMBOL_EXTENSIONS = YES;
				CLANG_ANALYZER_NONNULL = YES;
				CLANG_ANALYZER_NUMBER_OBJECT_CONVERSION = YES_AGGRESSIVE;
				CLANG_CXX_LANGUAGE_STANDARD = "gnu++20";
				CLANG_ENABLE_MODULES = YES;
				CLANG_ENABLE_OBJC_ARC = YES;
				CLANG_ENABLE_OBJC_WEAK = YES;
				CLANG_WARN_BLOCK_CAPTURE_AUTORELEASING = YES;
				CLANG_WARN_BOOL_CONVERSION = YES;
				CLANG_WARN_COMMA = YES;
				CLANG_WARN_CONSTANT_CONVERSION = YES;
				CLANG_WARN_DEPRECATED_OBJC_IMPLEMENTATIONS = YES;
				CLANG_WARN_DIRECT_OBJC_ISA_USAGE = YES_ERROR;
				CLANG_WARN_DOCUMENTATION_COMMENTS = YES;
				CLANG_WARN_EMPTY_BODY = YES;
				CLANG_WARN_ENUM_CONVERSION = YES;
				CLANG_WARN_INFINITE_RECURSION = YES;
				CLANG_WARN_INT_CONVERSION = YES;
				CLANG_WARN_NON_LITERAL_NULL_CONVERSION = YES;
				CLANG_WARN_OBJC_IMPLICIT_RETAIN_SELF = YES;
				CLANG_WARN_OBJC_LITERAL_CONVERSION = YES;
				CLANG_WARN_OBJC_ROOT_CLASS = YES_ERROR;
				CLANG_WARN_QUOTED_INCLUDE_IN_FRAMEWORK_HEADER = YES;
				CLANG_WARN_RANGE_LOOP_ANALYSIS = YES;
				CLANG_WARN_STRICT_PROTOTYPES = YES;
				CLANG_WARN_SUSPICIOUS_MOVE = YES;
				CLANG_WARN_UNGUARDED_AVAILABILITY = YES_AGGRESSIVE;
				CLANG_WARN_UNREACHABLE_CODE = YES;
				CLANG_WARN__DUPLICATE_METHOD_MATCH = YES;
				COPY_PHASE_STRIP = NO;
				DEBUG_INFORMATION_FORMAT = "dwarf-with-dsym";
				ENABLE_NS_ASSERTIONS = NO;
				ENABLE_STRICT_OBJC_MSGSEND = YES;
				ENABLE_USER_SCRIPT_SANDBOXING = YES;
				GCC_C_LANGUAGE_STANDARD = gnu17;
				GCC_NO_COMMON_BLOCKS = YES;
				GCC_WARN_64_TO_32_BIT_CONVERSION = YES;
				GCC_WARN_ABOUT_RETURN_TYPE = YES_ERROR;
				GCC_WARN_UNDECLARED_SELECTOR = YES;
				GCC_WARN_UNINITIALIZED_AUTOS = YES_AGGRESSIVE;
				GCC_WARN_UNUSED_FUNCTION = YES;
				GCC_WARN_UNUSED_VARIABLE = YES;
				IPHONEOS_DEPLOYMENT_TARGET = 17.2;
				LOCALIZATION_PREFERS_STRING_CATALOGS = YES;
				MTL_ENABLE_DEBUG_INFO = NO;
				MTL_FAST_MATH = YES;
				SDKROOT = iphoneos;
				SWIFT_COMPILATION_MODE = wholemodule;
				VALIDATE_PRODUCT = YES;
			};
			name = Release;
		};
		07FEED052B7DBE30005CFD6C /* Debug */ = {
			isa = XCBuildConfiguration;
			buildSettings = {
				ASSETCATALOG_COMPILER_APPICON_NAME = AppIcon;
				ASSETCATALOG_COMPILER_GLOBAL_ACCENT_COLOR_NAME = AccentColor;
				CODE_SIGN_STYLE = Automatic;
				CURRENT_PROJECT_VERSION = 1;
				DEVELOPMENT_ASSET_PATHS = "\"pruebas/Preview Content\"";
				DEVELOPMENT_TEAM = 2L6L2S3J99;
				ENABLE_PREVIEWS = YES;
				GENERATE_INFOPLIST_FILE = YES;
				INFOPLIST_KEY_NSCameraUsageDescription = "\"YES\"";
				INFOPLIST_KEY_NSPhotoLibraryAddUsageDescription = "\"OK\"";
				INFOPLIST_KEY_NSPhotoLibraryUsageDescription = "\"OK\"";
				INFOPLIST_KEY_UIApplicationSceneManifest_Generation = YES;
				INFOPLIST_KEY_UIApplicationSupportsIndirectInputEvents = YES;
				INFOPLIST_KEY_UILaunchScreen_Generation = YES;
				INFOPLIST_KEY_UISupportedInterfaceOrientations_iPad = "UIInterfaceOrientationPortrait UIInterfaceOrientationPortraitUpsideDown UIInterfaceOrientationLandscapeLeft UIInterfaceOrientationLandscapeRight";
				INFOPLIST_KEY_UISupportedInterfaceOrientations_iPhone = "UIInterfaceOrientationPortrait UIInterfaceOrientationLandscapeLeft UIInterfaceOrientationLandscapeRight";
				LD_RUNPATH_SEARCH_PATHS = (
					"$(inherited)",
					"@executable_path/Frameworks",
				);
				MARKETING_VERSION = 1.0;
				PRODUCT_BUNDLE_IDENTIFIER = com.jlfs.pruebas;
				PRODUCT_NAME = "$(TARGET_NAME)";
				SWIFT_EMIT_LOC_STRINGS = YES;
				SWIFT_VERSION = 5.0;
				TARGETED_DEVICE_FAMILY = "1,2";
			};
			name = Debug;
		};
		07FEED062B7DBE30005CFD6C /* Release */ = {
			isa = XCBuildConfiguration;
			buildSettings = {
				ASSETCATALOG_COMPILER_APPICON_NAME = AppIcon;
				ASSETCATALOG_COMPILER_GLOBAL_ACCENT_COLOR_NAME = AccentColor;
				CODE_SIGN_STYLE = Automatic;
				CURRENT_PROJECT_VERSION = 1;
				DEVELOPMENT_ASSET_PATHS = "\"pruebas/Preview Content\"";
				DEVELOPMENT_TEAM = 2L6L2S3J99;
				ENABLE_PREVIEWS = YES;
				GENERATE_INFOPLIST_FILE = YES;
				INFOPLIST_KEY_NSCameraUsageDescription = "\"YES\"";
				INFOPLIST_KEY_NSPhotoLibraryAddUsageDescription = "\"OK\"";
				INFOPLIST_KEY_NSPhotoLibraryUsageDescription = "\"OK\"";
				INFOPLIST_KEY_UIApplicationSceneManifest_Generation = YES;
				INFOPLIST_KEY_UIApplicationSupportsIndirectInputEvents = YES;
				INFOPLIST_KEY_UILaunchScreen_Generation = YES;
				INFOPLIST_KEY_UISupportedInterfaceOrientations_iPad = "UIInterfaceOrientationPortrait UIInterfaceOrientationPortraitUpsideDown UIInterfaceOrientationLandscapeLeft UIInterfaceOrientationLandscapeRight";
				INFOPLIST_KEY_UISupportedInterfaceOrientations_iPhone = "UIInterfaceOrientationPortrait UIInterfaceOrientationLandscapeLeft UIInterfaceOrientationLandscapeRight";
				LD_RUNPATH_SEARCH_PATHS = (
					"$(inherited)",
					"@executable_path/Frameworks",
				);
				MARKETING_VERSION = 1.0;
				PRODUCT_BUNDLE_IDENTIFIER = com.jlfs.pruebas;
				PRODUCT_NAME = "$(TARGET_NAME)";
				SWIFT_EMIT_LOC_STRINGS = YES;
				SWIFT_VERSION = 5.0;
				TARGETED_DEVICE_FAMILY = "1,2";
			};
			name = Release;
		};
		07FEED082B7DBE30005CFD6C /* Debug */ = {
			isa = XCBuildConfiguration;
			buildSettings = {
				BUNDLE_LOADER = "$(TEST_HOST)";
				CODE_SIGN_STYLE = Automatic;
				CURRENT_PROJECT_VERSION = 1;
				DEVELOPMENT_TEAM = 2L6L2S3J99;
				GENERATE_INFOPLIST_FILE = YES;
				IPHONEOS_DEPLOYMENT_TARGET = 17.2;
				MARKETING_VERSION = 1.0;
				PRODUCT_BUNDLE_IDENTIFIER = com.jlfs.pruebasTests;
				PRODUCT_NAME = "$(TARGET_NAME)";
				SWIFT_EMIT_LOC_STRINGS = NO;
				SWIFT_VERSION = 5.0;
				TARGETED_DEVICE_FAMILY = "1,2";
				TEST_HOST = "$(BUILT_PRODUCTS_DIR)/pruebas.app/$(BUNDLE_EXECUTABLE_FOLDER_PATH)/pruebas";
			};
			name = Debug;
		};
		07FEED092B7DBE30005CFD6C /* Release */ = {
			isa = XCBuildConfiguration;
			buildSettings = {
				BUNDLE_LOADER = "$(TEST_HOST)";
				CODE_SIGN_STYLE = Automatic;
				CURRENT_PROJECT_VERSION = 1;
				DEVELOPMENT_TEAM = 2L6L2S3J99;
				GENERATE_INFOPLIST_FILE = YES;
				IPHONEOS_DEPLOYMENT_TARGET = 17.2;
				MARKETING_VERSION = 1.0;
				PRODUCT_BUNDLE_IDENTIFIER = com.jlfs.pruebasTests;
				PRODUCT_NAME = "$(TARGET_NAME)";
				SWIFT_EMIT_LOC_STRINGS = NO;
				SWIFT_VERSION = 5.0;
				TARGETED_DEVICE_FAMILY = "1,2";
				TEST_HOST = "$(BUILT_PRODUCTS_DIR)/pruebas.app/$(BUNDLE_EXECUTABLE_FOLDER_PATH)/pruebas";
			};
			name = Release;
		};
		07FEED0B2B7DBE30005CFD6C /* Debug */ = {
			isa = XCBuildConfiguration;
			buildSettings = {
				CODE_SIGN_STYLE = Automatic;
				CURRENT_PROJECT_VERSION = 1;
				DEVELOPMENT_TEAM = 2L6L2S3J99;
				GENERATE_INFOPLIST_FILE = YES;
				MARKETING_VERSION = 1.0;
				PRODUCT_BUNDLE_IDENTIFIER = com.jlfs.pruebasUITests;
				PRODUCT_NAME = "$(TARGET_NAME)";
				SWIFT_EMIT_LOC_STRINGS = NO;
				SWIFT_VERSION = 5.0;
				TARGETED_DEVICE_FAMILY = "1,2";
				TEST_TARGET_NAME = pruebas;
			};
			name = Debug;
		};
		07FEED0C2B7DBE30005CFD6C /* Release */ = {
			isa = XCBuildConfiguration;
			buildSettings = {
				CODE_SIGN_STYLE = Automatic;
				CURRENT_PROJECT_VERSION = 1;
				DEVELOPMENT_TEAM = 2L6L2S3J99;
				GENERATE_INFOPLIST_FILE = YES;
				MARKETING_VERSION = 1.0;
				PRODUCT_BUNDLE_IDENTIFIER = com.jlfs.pruebasUITests;
				PRODUCT_NAME = "$(TARGET_NAME)";
				SWIFT_EMIT_LOC_STRINGS = NO;
				SWIFT_VERSION = 5.0;
				TARGETED_DEVICE_FAMILY = "1,2";
				TEST_TARGET_NAME = pruebas;
			};
			name = Release;
		};
/* End XCBuildConfiguration section */

/* Begin XCConfigurationList section */
		07FEECDB2B7DBE2F005CFD6C /* Build configuration list for PBXProject "pruebas" */ = {
			isa = XCConfigurationList;
			buildConfigurations = (
				07FEED022B7DBE30005CFD6C /* Debug */,
				07FEED032B7DBE30005CFD6C /* Release */,
			);
			defaultConfigurationIsVisible = 0;
			defaultConfigurationName = Release;
		};
		07FEED042B7DBE30005CFD6C /* Build configuration list for PBXNativeTarget "pruebas" */ = {
			isa = XCConfigurationList;
			buildConfigurations = (
				07FEED052B7DBE30005CFD6C /* Debug */,
				07FEED062B7DBE30005CFD6C /* Release */,
			);
			defaultConfigurationIsVisible = 0;
			defaultConfigurationName = Release;
		};
		07FEED072B7DBE30005CFD6C /* Build configuration list for PBXNativeTarget "pruebasTests" */ = {
			isa = XCConfigurationList;
			buildConfigurations = (
				07FEED082B7DBE30005CFD6C /* Debug */,
				07FEED092B7DBE30005CFD6C /* Release */,
			);
			defaultConfigurationIsVisible = 0;
			defaultConfigurationName = Release;
		};
		07FEED0A2B7DBE30005CFD6C /* Build configuration list for PBXNativeTarget "pruebasUITests" */ = {
			isa = XCConfigurationList;
			buildConfigurations = (
				07FEED0B2B7DBE30005CFD6C /* Debug */,
				07FEED0C2B7DBE30005CFD6C /* Release */,
			);
			defaultConfigurationIsVisible = 0;
			defaultConfigurationName = Release;
		};
/* End XCConfigurationList section */
	};
	rootObject = 07FEECD82B7DBE2F005CFD6C /* Project object */;
}
