// !$*UTF8*$!
{
	archiveVersion = 1;
	classes = {
	};
	objectVersion = 56;
	objects = {

/* Begin PBXBuildFile section */
		BE28DA0C2AE2C1BE0058D61E /* AccelerateKMeansApp.swift in Sources */ = {isa = PBXBuildFile; fileRef = BE28DA0B2AE2C1BE0058D61E /* AccelerateKMeansApp.swift */; };
		BE28DA1F2AE2C1D80058D61E /* kMeansCalculatorUtilityFunctions.swift in Sources */ = {isa = PBXBuildFile; fileRef = BE28DA0D2AE2C1D70058D61E /* kMeansCalculatorUtilityFunctions.swift */; };
		BE28DA202AE2C1D80058D61E /* Flowers_5_Hydrangea.jpeg in Resources */ = {isa = PBXBuildFile; fileRef = BE28DA0F2AE2C1D70058D61E /* Flowers_5_Hydrangea.jpeg */; };
		BE28DA212AE2C1D80058D61E /* Flowers_12_Assorted.jpeg in Resources */ = {isa = PBXBuildFile; fileRef = BE28DA102AE2C1D70058D61E /* Flowers_12_Assorted.jpeg */; };
		BE28DA222AE2C1D80058D61E /* Landscape_21_Rainbow.JPG in Resources */ = {isa = PBXBuildFile; fileRef = BE28DA112AE2C1D70058D61E /* Landscape_21_Rainbow.JPG */; };
		BE28DA232AE2C1D80058D61E /* City_5_Brick_Building.jpeg in Resources */ = {isa = PBXBuildFile; fileRef = BE28DA122AE2C1D70058D61E /* City_5_Brick_Building.jpeg */; };
		BE28DA242AE2C1D80058D61E /* Animals_2_Butterfly.jpeg in Resources */ = {isa = PBXBuildFile; fileRef = BE28DA132AE2C1D70058D61E /* Animals_2_Butterfly.jpeg */; };
		BE28DA252AE2C1D80058D61E /* Plants_11_Plant_with_Dew.jpeg in Resources */ = {isa = PBXBuildFile; fileRef = BE28DA142AE2C1D70058D61E /* Plants_11_Plant_with_Dew.jpeg */; };
		BE28DA262AE2C1D80058D61E /* Food_21_Orange.jpeg in Resources */ = {isa = PBXBuildFile; fileRef = BE28DA152AE2C1D70058D61E /* Food_21_Orange.jpeg */; };
		BE28DA272AE2C1D80058D61E /* Landscape_22_Sailboats.JPG in Resources */ = {isa = PBXBuildFile; fileRef = BE28DA162AE2C1D70058D61E /* Landscape_22_Sailboats.JPG */; };
		BE28DA282AE2C1D80058D61E /* City_9_Building_with_Skybridge.jpeg in Resources */ = {isa = PBXBuildFile; fileRef = BE28DA172AE2C1D70058D61E /* City_9_Building_with_Skybridge.jpeg */; };
		BE28DA292AE2C1D80058D61E /* Flowers_24_Lemon_Bloom.jpeg in Resources */ = {isa = PBXBuildFile; fileRef = BE28DA182AE2C1D70058D61E /* Flowers_24_Lemon_Bloom.jpeg */; };
		BE28DA2A2AE2C1D80058D61E /* Food_8_Carrot.jpeg in Resources */ = {isa = PBXBuildFile; fileRef = BE28DA192AE2C1D70058D61E /* Food_8_Carrot.jpeg */; };
		BE28DA2B2AE2C1D80058D61E /* Landscape_3_Mountains_with_Snow.jpeg in Resources */ = {isa = PBXBuildFile; fileRef = BE28DA1A2AE2C1D70058D61E /* Landscape_3_Mountains_with_Snow.jpeg */; };
		BE28DA2C2AE2C1D80058D61E /* ContentView.swift in Sources */ = {isa = PBXBuildFile; fileRef = BE28DA1B2AE2C1D70058D61E /* ContentView.swift */; };
		BE28DA2D2AE2C1D80058D61E /* KMeansCalculatorSceneKitFunctions.swift in Sources */ = {isa = PBXBuildFile; fileRef = BE28DA1C2AE2C1D70058D61E /* KMeansCalculatorSceneKitFunctions.swift */; };
		BE28DA2E2AE2C1D80058D61E /* kMeansCalculatorStructures.swift in Sources */ = {isa = PBXBuildFile; fileRef = BE28DA1D2AE2C1D80058D61E /* kMeansCalculatorStructures.swift */; };
		BE28DA2F2AE2C1D80058D61E /* kMeansCalculator.swift in Sources */ = {isa = PBXBuildFile; fileRef = BE28DA1E2AE2C1D80058D61E /* kMeansCalculator.swift */; };
		BE670ED12AE2BB5C0097E325 /* Assets.xcassets in Resources */ = {isa = PBXBuildFile; fileRef = BE670ED02AE2BB5C0097E325 /* Assets.xcassets */; };
		BE670ED42AE2BB5C0097E325 /* Preview Assets.xcassets in Resources */ = {isa = PBXBuildFile; fileRef = BE670ED32AE2BB5C0097E325 /* Preview Assets.xcassets */; };
/* End PBXBuildFile section */

/* Begin PBXFileReference section */
		03E4BB278D147C4FBDBCEB0F /* LICENSE.txt */ = {isa = PBXFileReference; includeInIndex = 1; lastKnownFileType = text; path = LICENSE.txt; sourceTree = "<group>"; };
		098A48EC28C382D1ABDE75A3 /* README.md */ = {isa = PBXFileReference; lastKnownFileType = net.daringfireball.markdown; path = README.md; sourceTree = "<group>"; };
		BE28DA0B2AE2C1BE0058D61E /* AccelerateKMeansApp.swift */ = {isa = PBXFileReference; fileEncoding = 4; lastKnownFileType = sourcecode.swift; path = AccelerateKMeansApp.swift; sourceTree = "<group>"; };
		BE28DA0D2AE2C1D70058D61E /* kMeansCalculatorUtilityFunctions.swift */ = {isa = PBXFileReference; fileEncoding = 4; lastKnownFileType = sourcecode.swift; path = kMeansCalculatorUtilityFunctions.swift; sourceTree = "<group>"; };
		BE28DA0F2AE2C1D70058D61E /* Flowers_5_Hydrangea.jpeg */ = {isa = PBXFileReference; lastKnownFileType = image.jpeg; path = Flowers_5_Hydrangea.jpeg; sourceTree = "<group>"; };
		BE28DA102AE2C1D70058D61E /* Flowers_12_Assorted.jpeg */ = {isa = PBXFileReference; lastKnownFileType = image.jpeg; path = Flowers_12_Assorted.jpeg; sourceTree = "<group>"; };
		BE28DA112AE2C1D70058D61E /* Landscape_21_Rainbow.JPG */ = {isa = PBXFileReference; lastKnownFileType = image.jpeg; path = Landscape_21_Rainbow.JPG; sourceTree = "<group>"; };
		BE28DA122AE2C1D70058D61E /* City_5_Brick_Building.jpeg */ = {isa = PBXFileReference; lastKnownFileType = image.jpeg; path = City_5_Brick_Building.jpeg; sourceTree = "<group>"; };
		BE28DA132AE2C1D70058D61E /* Animals_2_Butterfly.jpeg */ = {isa = PBXFileReference; lastKnownFileType = image.jpeg; path = Animals_2_Butterfly.jpeg; sourceTree = "<group>"; };
		BE28DA142AE2C1D70058D61E /* Plants_11_Plant_with_Dew.jpeg */ = {isa = PBXFileReference; lastKnownFileType = image.jpeg; path = Plants_11_Plant_with_Dew.jpeg; sourceTree = "<group>"; };
		BE28DA152AE2C1D70058D61E /* Food_21_Orange.jpeg */ = {isa = PBXFileReference; lastKnownFileType = image.jpeg; path = Food_21_Orange.jpeg; sourceTree = "<group>"; };
		BE28DA162AE2C1D70058D61E /* Landscape_22_Sailboats.JPG */ = {isa = PBXFileReference; lastKnownFileType = image.jpeg; path = Landscape_22_Sailboats.JPG; sourceTree = "<group>"; };
		BE28DA172AE2C1D70058D61E /* City_9_Building_with_Skybridge.jpeg */ = {isa = PBXFileReference; lastKnownFileType = image.jpeg; path = City_9_Building_with_Skybridge.jpeg; sourceTree = "<group>"; };
		BE28DA182AE2C1D70058D61E /* Flowers_24_Lemon_Bloom.jpeg */ = {isa = PBXFileReference; lastKnownFileType = image.jpeg; path = Flowers_24_Lemon_Bloom.jpeg; sourceTree = "<group>"; };
		BE28DA192AE2C1D70058D61E /* Food_8_Carrot.jpeg */ = {isa = PBXFileReference; lastKnownFileType = image.jpeg; path = Food_8_Carrot.jpeg; sourceTree = "<group>"; };
		BE28DA1A2AE2C1D70058D61E /* Landscape_3_Mountains_with_Snow.jpeg */ = {isa = PBXFileReference; lastKnownFileType = image.jpeg; path = Landscape_3_Mountains_with_Snow.jpeg; sourceTree = "<group>"; };
		BE28DA1B2AE2C1D70058D61E /* ContentView.swift */ = {isa = PBXFileReference; fileEncoding = 4; lastKnownFileType = sourcecode.swift; path = ContentView.swift; sourceTree = "<group>"; };
		BE28DA1C2AE2C1D70058D61E /* KMeansCalculatorSceneKitFunctions.swift */ = {isa = PBXFileReference; fileEncoding = 4; lastKnownFileType = sourcecode.swift; path = KMeansCalculatorSceneKitFunctions.swift; sourceTree = "<group>"; };
		BE28DA1D2AE2C1D80058D61E /* kMeansCalculatorStructures.swift */ = {isa = PBXFileReference; fileEncoding = 4; lastKnownFileType = sourcecode.swift; path = kMeansCalculatorStructures.swift; sourceTree = "<group>"; };
		BE28DA1E2AE2C1D80058D61E /* kMeansCalculator.swift */ = {isa = PBXFileReference; fileEncoding = 4; lastKnownFileType = sourcecode.swift; path = kMeansCalculator.swift; sourceTree = "<group>"; };
		BE670EC92AE2BB5B0097E325 /* accelerate-k-means.app */ = {isa = PBXFileReference; explicitFileType = wrapper.application; includeInIndex = 0; path = "accelerate-k-means.app"; sourceTree = BUILT_PRODUCTS_DIR; };
		BE670ED02AE2BB5C0097E325 /* Assets.xcassets */ = {isa = PBXFileReference; lastKnownFileType = folder.assetcatalog; path = Assets.xcassets; sourceTree = "<group>"; };
		BE670ED32AE2BB5C0097E325 /* Preview Assets.xcassets */ = {isa = PBXFileReference; lastKnownFileType = folder.assetcatalog; path = "Preview Assets.xcassets"; sourceTree = "<group>"; };
		BE670ED52AE2BB5C0097E325 /* accelerate_k_means.entitlements */ = {isa = PBXFileReference; lastKnownFileType = text.plist.entitlements; path = accelerate_k_means.entitlements; sourceTree = "<group>"; };
		F34BF26FA91718D7B4262030 /* SampleCode.xcconfig */ = {isa = PBXFileReference; lastKnownFileType = text.xcconfig; name = SampleCode.xcconfig; path = Configuration/SampleCode.xcconfig; sourceTree = "<group>"; };
/* End PBXFileReference section */

/* Begin PBXFrameworksBuildPhase section */
		BE670EC62AE2BB5B0097E325 /* Frameworks */ = {
			isa = PBXFrameworksBuildPhase;
			buildActionMask = 2147483647;
			files = (
			);
			runOnlyForDeploymentPostprocessing = 0;
		};
/* End PBXFrameworksBuildPhase section */

/* Begin PBXGroup section */
		99A9E1EE8BEAB5A9B61100E9 /* LICENSE */ = {
			isa = PBXGroup;
			children = (
				03E4BB278D147C4FBDBCEB0F /* LICENSE.txt */,
			);
			name = LICENSE;
			path = .;
			sourceTree = "<group>";
		};
		A7741D23F8C23D5E9C4E381C /* Configuration */ = {
			isa = PBXGroup;
			children = (
				F34BF26FA91718D7B4262030 /* SampleCode.xcconfig */,
			);
			name = Configuration;
			sourceTree = "<group>";
		};
		BE28DA0E2AE2C1D70058D61E /* images */ = {
			isa = PBXGroup;
			children = (
				BE28DA0F2AE2C1D70058D61E /* Flowers_5_Hydrangea.jpeg */,
				BE28DA102AE2C1D70058D61E /* Flowers_12_Assorted.jpeg */,
				BE28DA112AE2C1D70058D61E /* Landscape_21_Rainbow.JPG */,
				BE28DA122AE2C1D70058D61E /* City_5_Brick_Building.jpeg */,
				BE28DA132AE2C1D70058D61E /* Animals_2_Butterfly.jpeg */,
				BE28DA142AE2C1D70058D61E /* Plants_11_Plant_with_Dew.jpeg */,
				BE28DA152AE2C1D70058D61E /* Food_21_Orange.jpeg */,
				BE28DA162AE2C1D70058D61E /* Landscape_22_Sailboats.JPG */,
				BE28DA172AE2C1D70058D61E /* City_9_Building_with_Skybridge.jpeg */,
				BE28DA182AE2C1D70058D61E /* Flowers_24_Lemon_Bloom.jpeg */,
				BE28DA192AE2C1D70058D61E /* Food_8_Carrot.jpeg */,
				BE28DA1A2AE2C1D70058D61E /* Landscape_3_Mountains_with_Snow.jpeg */,
			);
			path = images;
			sourceTree = "<group>";
		};
		BE670EC02AE2BB5B0097E325 = {
			isa = PBXGroup;
			children = (
				098A48EC28C382D1ABDE75A3 /* README.md */,
				BE670ECB2AE2BB5B0097E325 /* accelerate-k-means */,
				BE670ECA2AE2BB5B0097E325 /* Products */,
				A7741D23F8C23D5E9C4E381C /* Configuration */,
				99A9E1EE8BEAB5A9B61100E9 /* LICENSE */,
			);
			sourceTree = "<group>";
		};
		BE670ECA2AE2BB5B0097E325 /* Products */ = {
			isa = PBXGroup;
			children = (
				BE670EC92AE2BB5B0097E325 /* accelerate-k-means.app */,
			);
			name = Products;
			sourceTree = "<group>";
		};
		BE670ECB2AE2BB5B0097E325 /* accelerate-k-means */ = {
			isa = PBXGroup;
			children = (
				BE28DA0B2AE2C1BE0058D61E /* AccelerateKMeansApp.swift */,
				BE28DA1B2AE2C1D70058D61E /* ContentView.swift */,
				BE28DA1E2AE2C1D80058D61E /* kMeansCalculator.swift */,
				BE28DA1C2AE2C1D70058D61E /* KMeansCalculatorSceneKitFunctions.swift */,
				BE28DA0D2AE2C1D70058D61E /* kMeansCalculatorUtilityFunctions.swift */,
				BE28DA1D2AE2C1D80058D61E /* kMeansCalculatorStructures.swift */,
				BE28DA0E2AE2C1D70058D61E /* images */,
				BE670ED02AE2BB5C0097E325 /* Assets.xcassets */,
				BE670ED52AE2BB5C0097E325 /* accelerate_k_means.entitlements */,
				BE670ED22AE2BB5C0097E325 /* Preview Content */,
			);
			path = "accelerate-k-means";
			sourceTree = "<group>";
		};
		BE670ED22AE2BB5C0097E325 /* Preview Content */ = {
			isa = PBXGroup;
			children = (
				BE670ED32AE2BB5C0097E325 /* Preview Assets.xcassets */,
			);
			path = "Preview Content";
			sourceTree = "<group>";
		};
/* End PBXGroup section */

/* Begin PBXNativeTarget section */
		BE670EC82AE2BB5B0097E325 /* accelerate-k-means */ = {
			isa = PBXNativeTarget;
			buildConfigurationList = BE670ED82AE2BB5C0097E325 /* Build configuration list for PBXNativeTarget "accelerate-k-means" */;
			buildPhases = (
				BE670EC52AE2BB5B0097E325 /* Sources */,
				BE670EC62AE2BB5B0097E325 /* Frameworks */,
				BE670EC72AE2BB5B0097E325 /* Resources */,
			);
			buildRules = (
			);
			dependencies = (
			);
			name = "accelerate-k-means";
			productName = "accelerate-k-means";
			productReference = BE670EC92AE2BB5B0097E325 /* accelerate-k-means.app */;
			productType = "com.apple.product-type.application";
		};
/* End PBXNativeTarget section */

/* Begin PBXProject section */
		BE670EC12AE2BB5B0097E325 /* Project object */ = {
			isa = PBXProject;
			attributes = {
				BuildIndependentTargetsInParallel = 1;
				LastSwiftUpdateCheck = 1510;
				LastUpgradeCheck = 1510;
				ORGANIZATIONNAME = Apple;
				TargetAttributes = {
					BE670EC82AE2BB5B0097E325 = {
						CreatedOnToolsVersion = 15.1;
					};
				};
			};
			buildConfigurationList = BE670EC42AE2BB5B0097E325 /* Build configuration list for PBXProject "accelerate-k-means" */;
			compatibilityVersion = "Xcode 14.0";
			developmentRegion = en;
			hasScannedForEncodings = 0;
			knownRegions = (
				en,
				Base,
			);
			mainGroup = BE670EC02AE2BB5B0097E325;
			productRefGroup = BE670ECA2AE2BB5B0097E325 /* Products */;
			projectDirPath = "";
			projectRoot = "";
			targets = (
				BE670EC82AE2BB5B0097E325 /* accelerate-k-means */,
			);
		};
/* End PBXProject section */

/* Begin PBXResourcesBuildPhase section */
		BE670EC72AE2BB5B0097E325 /* Resources */ = {
			isa = PBXResourcesBuildPhase;
			buildActionMask = 2147483647;
			files = (
				BE28DA212AE2C1D80058D61E /* Flowers_12_Assorted.jpeg in Resources */,
				BE28DA222AE2C1D80058D61E /* Landscape_21_Rainbow.JPG in Resources */,
				BE28DA232AE2C1D80058D61E /* City_5_Brick_Building.jpeg in Resources */,
				BE28DA2B2AE2C1D80058D61E /* Landscape_3_Mountains_with_Snow.jpeg in Resources */,
				BE670ED42AE2BB5C0097E325 /* Preview Assets.xcassets in Resources */,
				BE28DA292AE2C1D80058D61E /* Flowers_24_Lemon_Bloom.jpeg in Resources */,
				BE28DA262AE2C1D80058D61E /* Food_21_Orange.jpeg in Resources */,
				BE28DA252AE2C1D80058D61E /* Plants_11_Plant_with_Dew.jpeg in Resources */,
				BE28DA242AE2C1D80058D61E /* Animals_2_Butterfly.jpeg in Resources */,
				BE28DA202AE2C1D80058D61E /* Flowers_5_Hydrangea.jpeg in Resources */,
				BE28DA282AE2C1D80058D61E /* City_9_Building_with_Skybridge.jpeg in Resources */,
				BE28DA2A2AE2C1D80058D61E /* Food_8_Carrot.jpeg in Resources */,
				BE28DA272AE2C1D80058D61E /* Landscape_22_Sailboats.JPG in Resources */,
				BE670ED12AE2BB5C0097E325 /* Assets.xcassets in Resources */,
			);
			runOnlyForDeploymentPostprocessing = 0;
		};
/* End PBXResourcesBuildPhase section */

/* Begin PBXSourcesBuildPhase section */
		BE670EC52AE2BB5B0097E325 /* Sources */ = {
			isa = PBXSourcesBuildPhase;
			buildActionMask = 2147483647;
			files = (
				BE28DA0C2AE2C1BE0058D61E /* AccelerateKMeansApp.swift in Sources */,
				BE28DA2C2AE2C1D80058D61E /* ContentView.swift in Sources */,
				BE28DA1F2AE2C1D80058D61E /* kMeansCalculatorUtilityFunctions.swift in Sources */,
				BE28DA2D2AE2C1D80058D61E /* KMeansCalculatorSceneKitFunctions.swift in Sources */,
				BE28DA2F2AE2C1D80058D61E /* kMeansCalculator.swift in Sources */,
				BE28DA2E2AE2C1D80058D61E /* kMeansCalculatorStructures.swift in Sources */,
			);
			runOnlyForDeploymentPostprocessing = 0;
		};
/* End PBXSourcesBuildPhase section */

/* Begin XCBuildConfiguration section */
		BE670ED62AE2BB5C0097E325 /* Debug */ = {
			isa = XCBuildConfiguration;
			baseConfigurationReference = F34BF26FA91718D7B4262030 /* SampleCode.xcconfig */;
			buildSettings = {
				ALWAYS_SEARCH_USER_PATHS = NO;
				ASSETCATALOG_COMPILER_GENERATE_SWIFT_ASSET_SYMBOL_EXTENSIONS = YES;
				CLANG_ANALYZER_NONNULL = YES;
				CLANG_ANALYZER_NUMBER_OBJECT_CONVERSION = YES_AGGRESSIVE;
				CLANG_CXX_LANGUAGE_STANDARD = "gnu++20";
				CLANG_ENABLE_MODULES = YES;
				CLANG_ENABLE_OBJC_ARC = YES;
				CLANG_ENABLE_OBJC_WEAK = YES;
				CLANG_WARN_BLOCK_CAPTURE_AUTORELEASING = YES;
				CLANG_WARN_BOOL_CONVERSION = YES;
				CLANG_WARN_COMMA = YES;
				CLANG_WARN_CONSTANT_CONVERSION = YES;
				CLANG_WARN_DEPRECATED_OBJC_IMPLEMENTATIONS = YES;
				CLANG_WARN_DIRECT_OBJC_ISA_USAGE = YES_ERROR;
				CLANG_WARN_DOCUMENTATION_COMMENTS = YES;
				CLANG_WARN_EMPTY_BODY = YES;
				CLANG_WARN_ENUM_CONVERSION = YES;
				CLANG_WARN_INFINITE_RECURSION = YES;
				CLANG_WARN_INT_CONVERSION = YES;
				CLANG_WARN_NON_LITERAL_NULL_CONVERSION = YES;
				CLANG_WARN_OBJC_IMPLICIT_RETAIN_SELF = YES;
				CLANG_WARN_OBJC_LITERAL_CONVERSION = YES;
				CLANG_WARN_OBJC_ROOT_CLASS = YES_ERROR;
				CLANG_WARN_QUOTED_INCLUDE_IN_FRAMEWORK_HEADER = YES;
				CLANG_WARN_RANGE_LOOP_ANALYSIS = YES;
				CLANG_WARN_STRICT_PROTOTYPES = YES;
				CLANG_WARN_SUSPICIOUS_MOVE = YES;
				CLANG_WARN_UNGUARDED_AVAILABILITY = YES_AGGRESSIVE;
				CLANG_WARN_UNREACHABLE_CODE = YES;
				CLANG_WARN__DUPLICATE_METHOD_MATCH = YES;
				COPY_PHASE_STRIP = NO;
				DEBUG_INFORMATION_FORMAT = dwarf;
				ENABLE_STRICT_OBJC_MSGSEND = YES;
				ENABLE_TESTABILITY = YES;
				ENABLE_USER_SCRIPT_SANDBOXING = YES;
				GCC_C_LANGUAGE_STANDARD = gnu17;
				GCC_DYNAMIC_NO_PIC = NO;
				GCC_NO_COMMON_BLOCKS = YES;
				GCC_OPTIMIZATION_LEVEL = 0;
				GCC_PREPROCESSOR_DEFINITIONS = (
					"DEBUG=1",
					"$(inherited)",
				);
				GCC_WARN_64_TO_32_BIT_CONVERSION = YES;
				GCC_WARN_ABOUT_RETURN_TYPE = YES_ERROR;
				GCC_WARN_UNDECLARED_SELECTOR = YES;
				GCC_WARN_UNINITIALIZED_AUTOS = YES_AGGRESSIVE;
				GCC_WARN_UNUSED_FUNCTION = YES;
				GCC_WARN_UNUSED_VARIABLE = YES;
				LOCALIZATION_PREFERS_STRING_CATALOGS = YES;
				MACOSX_DEPLOYMENT_TARGET = 14.0;
				MTL_ENABLE_DEBUG_INFO = INCLUDE_SOURCE;
				MTL_FAST_MATH = YES;
				ONLY_ACTIVE_ARCH = YES;
				SDKROOT = macosx;
				SWIFT_ACTIVE_COMPILATION_CONDITIONS = "DEBUG $(inherited)";
				SWIFT_OPTIMIZATION_LEVEL = "-Onone";
			};
			name = Debug;
		};
		BE670ED72AE2BB5C0097E325 /* Release */ = {
			isa = XCBuildConfiguration;
			baseConfigurationReference = F34BF26FA91718D7B4262030 /* SampleCode.xcconfig */;
			buildSettings = {
				ALWAYS_SEARCH_USER_PATHS = NO;
				ASSETCATALOG_COMPILER_GENERATE_SWIFT_ASSET_SYMBOL_EXTENSIONS = YES;
				CLANG_ANALYZER_NONNULL = YES;
				CLANG_ANALYZER_NUMBER_OBJECT_CONVERSION = YES_AGGRESSIVE;
				CLANG_CXX_LANGUAGE_STANDARD = "gnu++20";
				CLANG_ENABLE_MODULES = YES;
				CLANG_ENABLE_OBJC_ARC = YES;
				CLANG_ENABLE_OBJC_WEAK = YES;
				CLANG_WARN_BLOCK_CAPTURE_AUTORELEASING = YES;
				CLANG_WARN_BOOL_CONVERSION = YES;
				CLANG_WARN_COMMA = YES;
				CLANG_WARN_CONSTANT_CONVERSION = YES;
				CLANG_WARN_DEPRECATED_OBJC_IMPLEMENTATIONS = YES;
				CLANG_WARN_DIRECT_OBJC_ISA_USAGE = YES_ERROR;
				CLANG_WARN_DOCUMENTATION_COMMENTS = YES;
				CLANG_WARN_EMPTY_BODY = YES;
				CLANG_WARN_ENUM_CONVERSION = YES;
				CLANG_WARN_INFINITE_RECURSION = YES;
				CLANG_WARN_INT_CONVERSION = YES;
				CLANG_WARN_NON_LITERAL_NULL_CONVERSION = YES;
				CLANG_WARN_OBJC_IMPLICIT_RETAIN_SELF = YES;
				CLANG_WARN_OBJC_LITERAL_CONVERSION = YES;
				CLANG_WARN_OBJC_ROOT_CLASS = YES_ERROR;
				CLANG_WARN_QUOTED_INCLUDE_IN_FRAMEWORK_HEADER = YES;
				CLANG_WARN_RANGE_LOOP_ANALYSIS = YES;
				CLANG_WARN_STRICT_PROTOTYPES = YES;
				CLANG_WARN_SUSPICIOUS_MOVE = YES;
				CLANG_WARN_UNGUARDED_AVAILABILITY = YES_AGGRESSIVE;
				CLANG_WARN_UNREACHABLE_CODE = YES;
				CLANG_WARN__DUPLICATE_METHOD_MATCH = YES;
				COPY_PHASE_STRIP = NO;
				DEBUG_INFORMATION_FORMAT = "dwarf-with-dsym";
				ENABLE_NS_ASSERTIONS = NO;
				ENABLE_STRICT_OBJC_MSGSEND = YES;
				ENABLE_USER_SCRIPT_SANDBOXING = YES;
				GCC_C_LANGUAGE_STANDARD = gnu17;
				GCC_NO_COMMON_BLOCKS = YES;
				GCC_WARN_64_TO_32_BIT_CONVERSION = YES;
				GCC_WARN_ABOUT_RETURN_TYPE = YES_ERROR;
				GCC_WARN_UNDECLARED_SELECTOR = YES;
				GCC_WARN_UNINITIALIZED_AUTOS = YES_AGGRESSIVE;
				GCC_WARN_UNUSED_FUNCTION = YES;
				GCC_WARN_UNUSED_VARIABLE = YES;
				LOCALIZATION_PREFERS_STRING_CATALOGS = YES;
				MACOSX_DEPLOYMENT_TARGET = 14.0;
				MTL_ENABLE_DEBUG_INFO = NO;
				MTL_FAST_MATH = YES;
				SDKROOT = macosx;
				SWIFT_COMPILATION_MODE = wholemodule;
			};
			name = Release;
		};
		BE670ED92AE2BB5C0097E325 /* Debug */ = {
			isa = XCBuildConfiguration;
			baseConfigurationReference = F34BF26FA91718D7B4262030 /* SampleCode.xcconfig */;
			buildSettings = {
				ASSETCATALOG_COMPILER_APPICON_NAME = AppIcon;
				ASSETCATALOG_COMPILER_GLOBAL_ACCENT_COLOR_NAME = AccentColor;
				CODE_SIGN_ENTITLEMENTS = "accelerate-k-means/accelerate_k_means.entitlements";
				"CODE_SIGN_IDENTITY[sdk=macosx*]" = "-";
				CODE_SIGN_STYLE = Automatic;
				COMBINE_HIDPI_IMAGES = YES;
				CURRENT_PROJECT_VERSION = 1;
				DEVELOPMENT_ASSET_PATHS = "\"accelerate-k-means/Preview Content\"";
				DEVELOPMENT_TEAM = "";
				ENABLE_HARDENED_RUNTIME = YES;
				ENABLE_PREVIEWS = YES;
				GENERATE_INFOPLIST_FILE = YES;
				INFOPLIST_KEY_NSHumanReadableCopyright = "";
				LD_RUNPATH_SEARCH_PATHS = (
					"$(inherited)",
					"@executable_path/../Frameworks",
				);
				MACOSX_DEPLOYMENT_TARGET = 14.0;
				MARKETING_VERSION = 1.0;
				PRODUCT_BUNDLE_IDENTIFIER = "com.example.apple-samplecode.accelerate-k-means${SAMPLE_CODE_DISAMBIGUATOR}";
				PRODUCT_NAME = "$(TARGET_NAME)";
				PROVISIONING_PROFILE_SPECIFIER = "";
				SWIFT_EMIT_LOC_STRINGS = YES;
				SWIFT_VERSION = 5.0;
			};
			name = Debug;
		};
		BE670EDA2AE2BB5C0097E325 /* Release */ = {
			isa = XCBuildConfiguration;
			baseConfigurationReference = F34BF26FA91718D7B4262030 /* SampleCode.xcconfig */;
			buildSettings = {
				ASSETCATALOG_COMPILER_APPICON_NAME = AppIcon;
				ASSETCATALOG_COMPILER_GLOBAL_ACCENT_COLOR_NAME = AccentColor;
				CODE_SIGN_ENTITLEMENTS = "accelerate-k-means/accelerate_k_means.entitlements";
				"CODE_SIGN_IDENTITY[sdk=macosx*]" = "-";
				CODE_SIGN_STYLE = Automatic;
				COMBINE_HIDPI_IMAGES = YES;
				CURRENT_PROJECT_VERSION = 1;
				DEVELOPMENT_ASSET_PATHS = "\"accelerate-k-means/Preview Content\"";
				DEVELOPMENT_TEAM = "";
				ENABLE_HARDENED_RUNTIME = YES;
				ENABLE_PREVIEWS = YES;
				GENERATE_INFOPLIST_FILE = YES;
				INFOPLIST_KEY_NSHumanReadableCopyright = "";
				LD_RUNPATH_SEARCH_PATHS = (
					"$(inherited)",
					"@executable_path/../Frameworks",
				);
				MACOSX_DEPLOYMENT_TARGET = 14.0;
				MARKETING_VERSION = 1.0;
				PRODUCT_BUNDLE_IDENTIFIER = "com.example.apple-samplecode.accelerate-k-means${SAMPLE_CODE_DISAMBIGUATOR}";
				PRODUCT_NAME = "$(TARGET_NAME)";
				PROVISIONING_PROFILE_SPECIFIER = "";
				SWIFT_EMIT_LOC_STRINGS = YES;
				SWIFT_VERSION = 5.0;
			};
			name = Release;
		};
/* End XCBuildConfiguration section */

/* Begin XCConfigurationList section */
		BE670EC42AE2BB5B0097E325 /* Build configuration list for PBXProject "accelerate-k-means" */ = {
			isa = XCConfigurationList;
			buildConfigurations = (
				BE670ED62AE2BB5C0097E325 /* Debug */,
				BE670ED72AE2BB5C0097E325 /* Release */,
			);
			defaultConfigurationIsVisible = 0;
			defaultConfigurationName = Release;
		};
		BE670ED82AE2BB5C0097E325 /* Build configuration list for PBXNativeTarget "accelerate-k-means" */ = {
			isa = XCConfigurationList;
			buildConfigurations = (
				BE670ED92AE2BB5C0097E325 /* Debug */,
				BE670EDA2AE2BB5C0097E325 /* Release */,
			);
			defaultConfigurationIsVisible = 0;
			defaultConfigurationName = Release;
		};
/* End XCConfigurationList section */
	};
	rootObject = BE670EC12AE2BB5B0097E325 /* Project object */;
}
